// !$*UTF8*$!
{
	archiveVersion = 1;
	classes = {
	};
	objectVersion = 46;
	objects = {

/* Begin PBXBuildFile section */
		1969FB62206E22BD00337C81 /* CustomTableCellView.swift in Sources */ = {isa = PBXBuildFile; fileRef = 1969FB61206E22BD00337C81 /* CustomTableCellView.swift */; };
		1969FB64206E365000337C81 /* PickColors.swift in Sources */ = {isa = PBXBuildFile; fileRef = 1969FB63206E365000337C81 /* PickColors.swift */; };
		19878E28206DC0BA0056FE4E /* SetColors.swift in Sources */ = {isa = PBXBuildFile; fileRef = 19878E27206DC0BA0056FE4E /* SetColors.swift */; };
		19B36B6C2058D03C00AC95C8 /* AppDelegate.swift in Sources */ = {isa = PBXBuildFile; fileRef = 19B36B6B2058D03C00AC95C8 /* AppDelegate.swift */; };
		19B36B6E2058D03C00AC95C8 /* ViewController.swift in Sources */ = {isa = PBXBuildFile; fileRef = 19B36B6D2058D03C00AC95C8 /* ViewController.swift */; };
		19B36B702058D03C00AC95C8 /* Assets.xcassets in Resources */ = {isa = PBXBuildFile; fileRef = 19B36B6F2058D03C00AC95C8 /* Assets.xcassets */; };
		19B36B732058D03C00AC95C8 /* Main.storyboard in Resources */ = {isa = PBXBuildFile; fileRef = 19B36B712058D03C00AC95C8 /* Main.storyboard */; };
		19B36B7E2058D03C00AC95C8 /* RangeenTests.swift in Sources */ = {isa = PBXBuildFile; fileRef = 19B36B7D2058D03C00AC95C8 /* RangeenTests.swift */; };
		19B36B892058D03C00AC95C8 /* RangeenUITests.swift in Sources */ = {isa = PBXBuildFile; fileRef = 19B36B882058D03C00AC95C8 /* RangeenUITests.swift */; };
/* End PBXBuildFile section */

/* Begin PBXContainerItemProxy section */
		19B36B7A2058D03C00AC95C8 /* PBXContainerItemProxy */ = {
			isa = PBXContainerItemProxy;
			containerPortal = 19B36B602058D03B00AC95C8 /* Project object */;
			proxyType = 1;
			remoteGlobalIDString = 19B36B672058D03B00AC95C8;
			remoteInfo = Rangeen;
		};
		19B36B852058D03C00AC95C8 /* PBXContainerItemProxy */ = {
			isa = PBXContainerItemProxy;
			containerPortal = 19B36B602058D03B00AC95C8 /* Project object */;
			proxyType = 1;
			remoteGlobalIDString = 19B36B672058D03B00AC95C8;
			remoteInfo = Rangeen;
		};
/* End PBXContainerItemProxy section */

/* Begin PBXFileReference section */
		1969FB61206E22BD00337C81 /* CustomTableCellView.swift */ = {isa = PBXFileReference; fileEncoding = 4; lastKnownFileType = sourcecode.swift; path = CustomTableCellView.swift; sourceTree = "<group>"; };
		1969FB63206E365000337C81 /* PickColors.swift */ = {isa = PBXFileReference; fileEncoding = 4; lastKnownFileType = sourcecode.swift; path = PickColors.swift; sourceTree = "<group>"; };
		19878E27206DC0BA0056FE4E /* SetColors.swift */ = {isa = PBXFileReference; fileEncoding = 4; lastKnownFileType = sourcecode.swift; name = SetColors.swift; path = ../SetColors.swift; sourceTree = "<group>"; };
		19B36B682058D03C00AC95C8 /* Rangeen.app */ = {isa = PBXFileReference; explicitFileType = wrapper.application; includeInIndex = 0; path = Rangeen.app; sourceTree = BUILT_PRODUCTS_DIR; };
		19B36B6B2058D03C00AC95C8 /* AppDelegate.swift */ = {isa = PBXFileReference; lastKnownFileType = sourcecode.swift; path = AppDelegate.swift; sourceTree = "<group>"; };
		19B36B6D2058D03C00AC95C8 /* ViewController.swift */ = {isa = PBXFileReference; lastKnownFileType = sourcecode.swift; path = ViewController.swift; sourceTree = "<group>"; };
		19B36B6F2058D03C00AC95C8 /* Assets.xcassets */ = {isa = PBXFileReference; lastKnownFileType = folder.assetcatalog; path = Assets.xcassets; sourceTree = "<group>"; };
		19B36B722058D03C00AC95C8 /* Base */ = {isa = PBXFileReference; lastKnownFileType = file.storyboard; name = Base; path = Base.lproj/Main.storyboard; sourceTree = "<group>"; };
		19B36B742058D03C00AC95C8 /* Info.plist */ = {isa = PBXFileReference; lastKnownFileType = text.plist.xml; path = Info.plist; sourceTree = "<group>"; };
		19B36B792058D03C00AC95C8 /* RangeenTests.xctest */ = {isa = PBXFileReference; explicitFileType = wrapper.cfbundle; includeInIndex = 0; path = RangeenTests.xctest; sourceTree = BUILT_PRODUCTS_DIR; };
		19B36B7D2058D03C00AC95C8 /* RangeenTests.swift */ = {isa = PBXFileReference; lastKnownFileType = sourcecode.swift; path = RangeenTests.swift; sourceTree = "<group>"; };
		19B36B7F2058D03C00AC95C8 /* Info.plist */ = {isa = PBXFileReference; lastKnownFileType = text.plist.xml; path = Info.plist; sourceTree = "<group>"; };
		19B36B842058D03C00AC95C8 /* RangeenUITests.xctest */ = {isa = PBXFileReference; explicitFileType = wrapper.cfbundle; includeInIndex = 0; path = RangeenUITests.xctest; sourceTree = BUILT_PRODUCTS_DIR; };
		19B36B882058D03C00AC95C8 /* RangeenUITests.swift */ = {isa = PBXFileReference; lastKnownFileType = sourcecode.swift; path = RangeenUITests.swift; sourceTree = "<group>"; };
		19B36B8A2058D03C00AC95C8 /* Info.plist */ = {isa = PBXFileReference; lastKnownFileType = text.plist.xml; path = Info.plist; sourceTree = "<group>"; };
/* End PBXFileReference section */

/* Begin PBXFrameworksBuildPhase section */
		19B36B652058D03B00AC95C8 /* Frameworks */ = {
			isa = PBXFrameworksBuildPhase;
			buildActionMask = 2147483647;
			files = (
			);
			runOnlyForDeploymentPostprocessing = 0;
		};
		19B36B762058D03C00AC95C8 /* Frameworks */ = {
			isa = PBXFrameworksBuildPhase;
			buildActionMask = 2147483647;
			files = (
			);
			runOnlyForDeploymentPostprocessing = 0;
		};
		19B36B812058D03C00AC95C8 /* Frameworks */ = {
			isa = PBXFrameworksBuildPhase;
			buildActionMask = 2147483647;
			files = (
			);
			runOnlyForDeploymentPostprocessing = 0;
		};
/* End PBXFrameworksBuildPhase section */

/* Begin PBXGroup section */
		19B36B5F2058D03B00AC95C8 = {
			isa = PBXGroup;
			children = (
				19B36B6A2058D03C00AC95C8 /* Rangeen */,
				19B36B7C2058D03C00AC95C8 /* RangeenTests */,
				19B36B872058D03C00AC95C8 /* RangeenUITests */,
				19B36B692058D03C00AC95C8 /* Products */,
			);
			sourceTree = "<group>";
		};
		19B36B692058D03C00AC95C8 /* Products */ = {
			isa = PBXGroup;
			children = (
				19B36B682058D03C00AC95C8 /* Rangeen.app */,
				19B36B792058D03C00AC95C8 /* RangeenTests.xctest */,
				19B36B842058D03C00AC95C8 /* RangeenUITests.xctest */,
			);
			name = Products;
			sourceTree = "<group>";
		};
		19B36B6A2058D03C00AC95C8 /* Rangeen */ = {
			isa = PBXGroup;
			children = (
				19B36B6B2058D03C00AC95C8 /* AppDelegate.swift */,
				19878E27206DC0BA0056FE4E /* SetColors.swift */,
				19B36B6D2058D03C00AC95C8 /* ViewController.swift */,
				1969FB63206E365000337C81 /* PickColors.swift */,
				1969FB61206E22BD00337C81 /* CustomTableCellView.swift */,
				19B36B6F2058D03C00AC95C8 /* Assets.xcassets */,
				19B36B712058D03C00AC95C8 /* Main.storyboard */,
				19B36B742058D03C00AC95C8 /* Info.plist */,
			);
			path = Rangeen;
			sourceTree = "<group>";
		};
		19B36B7C2058D03C00AC95C8 /* RangeenTests */ = {
			isa = PBXGroup;
			children = (
				19B36B7D2058D03C00AC95C8 /* RangeenTests.swift */,
				19B36B7F2058D03C00AC95C8 /* Info.plist */,
			);
			path = RangeenTests;
			sourceTree = "<group>";
		};
		19B36B872058D03C00AC95C8 /* RangeenUITests */ = {
			isa = PBXGroup;
			children = (
				19B36B882058D03C00AC95C8 /* RangeenUITests.swift */,
				19B36B8A2058D03C00AC95C8 /* Info.plist */,
			);
			path = RangeenUITests;
			sourceTree = "<group>";
		};
/* End PBXGroup section */

/* Begin PBXNativeTarget section */
		19B36B672058D03B00AC95C8 /* Rangeen */ = {
			isa = PBXNativeTarget;
			buildConfigurationList = 19B36B8D2058D03C00AC95C8 /* Build configuration list for PBXNativeTarget "Rangeen" */;
			buildPhases = (
				19B36B642058D03B00AC95C8 /* Sources */,
				19B36B652058D03B00AC95C8 /* Frameworks */,
				19B36B662058D03B00AC95C8 /* Resources */,
			);
			buildRules = (
			);
			dependencies = (
			);
			name = Rangeen;
			productName = Rangeen;
			productReference = 19B36B682058D03C00AC95C8 /* Rangeen.app */;
			productType = "com.apple.product-type.application";
		};
		19B36B782058D03C00AC95C8 /* RangeenTests */ = {
			isa = PBXNativeTarget;
			buildConfigurationList = 19B36B902058D03C00AC95C8 /* Build configuration list for PBXNativeTarget "RangeenTests" */;
			buildPhases = (
				19B36B752058D03C00AC95C8 /* Sources */,
				19B36B762058D03C00AC95C8 /* Frameworks */,
				19B36B772058D03C00AC95C8 /* Resources */,
			);
			buildRules = (
			);
			dependencies = (
				19B36B7B2058D03C00AC95C8 /* PBXTargetDependency */,
			);
			name = RangeenTests;
			productName = RangeenTests;
			productReference = 19B36B792058D03C00AC95C8 /* RangeenTests.xctest */;
			productType = "com.apple.product-type.bundle.unit-test";
		};
		19B36B832058D03C00AC95C8 /* RangeenUITests */ = {
			isa = PBXNativeTarget;
			buildConfigurationList = 19B36B932058D03C00AC95C8 /* Build configuration list for PBXNativeTarget "RangeenUITests" */;
			buildPhases = (
				19B36B802058D03C00AC95C8 /* Sources */,
				19B36B812058D03C00AC95C8 /* Frameworks */,
				19B36B822058D03C00AC95C8 /* Resources */,
			);
			buildRules = (
			);
			dependencies = (
				19B36B862058D03C00AC95C8 /* PBXTargetDependency */,
			);
			name = RangeenUITests;
			productName = RangeenUITests;
			productReference = 19B36B842058D03C00AC95C8 /* RangeenUITests.xctest */;
			productType = "com.apple.product-type.bundle.ui-testing";
		};
/* End PBXNativeTarget section */

/* Begin PBXProject section */
		19B36B602058D03B00AC95C8 /* Project object */ = {
			isa = PBXProject;
			attributes = {
				LastSwiftUpdateCheck = 0810;
				LastUpgradeCheck = 0810;
				ORGANIZATIONNAME = "Rani Jaiswal";
				TargetAttributes = {
					19B36B672058D03B00AC95C8 = {
						CreatedOnToolsVersion = 8.1;
						ProvisioningStyle = Automatic;
					};
					19B36B782058D03C00AC95C8 = {
						CreatedOnToolsVersion = 8.1;
						ProvisioningStyle = Automatic;
						TestTargetID = 19B36B672058D03B00AC95C8;
					};
					19B36B832058D03C00AC95C8 = {
						CreatedOnToolsVersion = 8.1;
						ProvisioningStyle = Automatic;
						TestTargetID = 19B36B672058D03B00AC95C8;
					};
				};
			};
			buildConfigurationList = 19B36B632058D03B00AC95C8 /* Build configuration list for PBXProject "Rangeen" */;
			compatibilityVersion = "Xcode 3.2";
			developmentRegion = English;
			hasScannedForEncodings = 0;
			knownRegions = (
				en,
				Base,
			);
			mainGroup = 19B36B5F2058D03B00AC95C8;
			productRefGroup = 19B36B692058D03C00AC95C8 /* Products */;
			projectDirPath = "";
			projectRoot = "";
			targets = (
				19B36B672058D03B00AC95C8 /* Rangeen */,
				19B36B782058D03C00AC95C8 /* RangeenTests */,
				19B36B832058D03C00AC95C8 /* RangeenUITests */,
			);
		};
/* End PBXProject section */

/* Begin PBXResourcesBuildPhase section */
		19B36B662058D03B00AC95C8 /* Resources */ = {
			isa = PBXResourcesBuildPhase;
			buildActionMask = 2147483647;
			files = (
				19B36B702058D03C00AC95C8 /* Assets.xcassets in Resources */,
				19B36B732058D03C00AC95C8 /* Main.storyboard in Resources */,
			);
			runOnlyForDeploymentPostprocessing = 0;
		};
		19B36B772058D03C00AC95C8 /* Resources */ = {
			isa = PBXResourcesBuildPhase;
			buildActionMask = 2147483647;
			files = (
			);
			runOnlyForDeploymentPostprocessing = 0;
		};
		19B36B822058D03C00AC95C8 /* Resources */ = {
			isa = PBXResourcesBuildPhase;
			buildActionMask = 2147483647;
			files = (
			);
			runOnlyForDeploymentPostprocessing = 0;
		};
/* End PBXResourcesBuildPhase section */

/* Begin PBXSourcesBuildPhase section */
		19B36B642058D03B00AC95C8 /* Sources */ = {
			isa = PBXSourcesBuildPhase;
			buildActionMask = 2147483647;
			files = (
				19B36B6E2058D03C00AC95C8 /* ViewController.swift in Sources */,
				19878E28206DC0BA0056FE4E /* SetColors.swift in Sources */,
				1969FB64206E365000337C81 /* PickColors.swift in Sources */,
				1969FB62206E22BD00337C81 /* CustomTableCellView.swift in Sources */,
				19B36B6C2058D03C00AC95C8 /* AppDelegate.swift in Sources */,
			);
			runOnlyForDeploymentPostprocessing = 0;
		};
		19B36B752058D03C00AC95C8 /* Sources */ = {
			isa = PBXSourcesBuildPhase;
			buildActionMask = 2147483647;
			files = (
				19B36B7E2058D03C00AC95C8 /* RangeenTests.swift in Sources */,
			);
			runOnlyForDeploymentPostprocessing = 0;
		};
		19B36B802058D03C00AC95C8 /* Sources */ = {
			isa = PBXSourcesBuildPhase;
			buildActionMask = 2147483647;
			files = (
				19B36B892058D03C00AC95C8 /* RangeenUITests.swift in Sources */,
			);
			runOnlyForDeploymentPostprocessing = 0;
		};
/* End PBXSourcesBuildPhase section */

/* Begin PBXTargetDependency section */
		19B36B7B2058D03C00AC95C8 /* PBXTargetDependency */ = {
			isa = PBXTargetDependency;
			target = 19B36B672058D03B00AC95C8 /* Rangeen */;
			targetProxy = 19B36B7A2058D03C00AC95C8 /* PBXContainerItemProxy */;
		};
		19B36B862058D03C00AC95C8 /* PBXTargetDependency */ = {
			isa = PBXTargetDependency;
			target = 19B36B672058D03B00AC95C8 /* Rangeen */;
			targetProxy = 19B36B852058D03C00AC95C8 /* PBXContainerItemProxy */;
		};
/* End PBXTargetDependency section */

/* Begin PBXVariantGroup section */
		19B36B712058D03C00AC95C8 /* Main.storyboard */ = {
			isa = PBXVariantGroup;
			children = (
				19B36B722058D03C00AC95C8 /* Base */,
			);
			name = Main.storyboard;
			sourceTree = "<group>";
		};
/* End PBXVariantGroup section */

/* Begin XCBuildConfiguration section */
		19B36B8B2058D03C00AC95C8 /* Debug */ = {
			isa = XCBuildConfiguration;
			buildSettings = {
				ALWAYS_SEARCH_USER_PATHS = NO;
				CLANG_ANALYZER_NONNULL = YES;
				CLANG_CXX_LANGUAGE_STANDARD = "gnu++0x";
				CLANG_CXX_LIBRARY = "libc++";
				CLANG_ENABLE_MODULES = YES;
				CLANG_ENABLE_OBJC_ARC = YES;
				CLANG_WARN_BOOL_CONVERSION = YES;
				CLANG_WARN_CONSTANT_CONVERSION = YES;
				CLANG_WARN_DIRECT_OBJC_ISA_USAGE = YES_ERROR;
				CLANG_WARN_DOCUMENTATION_COMMENTS = YES;
				CLANG_WARN_EMPTY_BODY = YES;
				CLANG_WARN_ENUM_CONVERSION = YES;
				CLANG_WARN_INFINITE_RECURSION = YES;
				CLANG_WARN_INT_CONVERSION = YES;
				CLANG_WARN_OBJC_ROOT_CLASS = YES_ERROR;
				CLANG_WARN_SUSPICIOUS_MOVES = YES;
				CLANG_WARN_UNREACHABLE_CODE = YES;
				CLANG_WARN__DUPLICATE_METHOD_MATCH = YES;
				CODE_SIGN_IDENTITY = "-";
				COPY_PHASE_STRIP = NO;
				DEBUG_INFORMATION_FORMAT = dwarf;
				ENABLE_STRICT_OBJC_MSGSEND = YES;
				ENABLE_TESTABILITY = YES;
				GCC_C_LANGUAGE_STANDARD = gnu99;
				GCC_DYNAMIC_NO_PIC = NO;
				GCC_NO_COMMON_BLOCKS = YES;
				GCC_OPTIMIZATION_LEVEL = 0;
				GCC_PREPROCESSOR_DEFINITIONS = (
					"DEBUG=1",
					"$(inherited)",
				);
				GCC_WARN_64_TO_32_BIT_CONVERSION = YES;
				GCC_WARN_ABOUT_RETURN_TYPE = YES_ERROR;
				GCC_WARN_UNDECLARED_SELECTOR = YES;
				GCC_WARN_UNINITIALIZED_AUTOS = YES_AGGRESSIVE;
				GCC_WARN_UNUSED_FUNCTION = YES;
				GCC_WARN_UNUSED_VARIABLE = YES;
				MACOSX_DEPLOYMENT_TARGET = 10.12;
				MTL_ENABLE_DEBUG_INFO = YES;
				ONLY_ACTIVE_ARCH = YES;
				SDKROOT = macosx;
				SWIFT_ACTIVE_COMPILATION_CONDITIONS = DEBUG;
				SWIFT_OPTIMIZATION_LEVEL = "-Onone";
			};
			name = Debug;
		};
		19B36B8C2058D03C00AC95C8 /* Release */ = {
			isa = XCBuildConfiguration;
			buildSettings = {
				ALWAYS_SEARCH_USER_PATHS = NO;
				CLANG_ANALYZER_NONNULL = YES;
				CLANG_CXX_LANGUAGE_STANDARD = "gnu++0x";
				CLANG_CXX_LIBRARY = "libc++";
				CLANG_ENABLE_MODULES = YES;
				CLANG_ENABLE_OBJC_ARC = YES;
				CLANG_WARN_BOOL_CONVERSION = YES;
				CLANG_WARN_CONSTANT_CONVERSION = YES;
				CLANG_WARN_DIRECT_OBJC_ISA_USAGE = YES_ERROR;
				CLANG_WARN_DOCUMENTATION_COMMENTS = YES;
				CLANG_WARN_EMPTY_BODY = YES;
				CLANG_WARN_ENUM_CONVERSION = YES;
				CLANG_WARN_INFINITE_RECURSION = YES;
				CLANG_WARN_INT_CONVERSION = YES;
				CLANG_WARN_OBJC_ROOT_CLASS = YES_ERROR;
				CLANG_WARN_SUSPICIOUS_MOVES = YES;
				CLANG_WARN_UNREACHABLE_CODE = YES;
				CLANG_WARN__DUPLICATE_METHOD_MATCH = YES;
				CODE_SIGN_IDENTITY = "-";
				COPY_PHASE_STRIP = NO;
				DEBUG_INFORMATION_FORMAT = "dwarf-with-dsym";
				ENABLE_NS_ASSERTIONS = NO;
				ENABLE_STRICT_OBJC_MSGSEND = YES;
				GCC_C_LANGUAGE_STANDARD = gnu99;
				GCC_NO_COMMON_BLOCKS = YES;
				GCC_WARN_64_TO_32_BIT_CONVERSION = YES;
				GCC_WARN_ABOUT_RETURN_TYPE = YES_ERROR;
				GCC_WARN_UNDECLARED_SELECTOR = YES;
				GCC_WARN_UNINITIALIZED_AUTOS = YES_AGGRESSIVE;
				GCC_WARN_UNUSED_FUNCTION = YES;
				GCC_WARN_UNUSED_VARIABLE = YES;
				MACOSX_DEPLOYMENT_TARGET = 10.12;
				MTL_ENABLE_DEBUG_INFO = NO;
				SDKROOT = macosx;
				SWIFT_OPTIMIZATION_LEVEL = "-Owholemodule";
			};
			name = Release;
		};
		19B36B8E2058D03C00AC95C8 /* Debug */ = {
			isa = XCBuildConfiguration;
			buildSettings = {
				ASSETCATALOG_COMPILER_APPICON_NAME = AppIcon;
				COMBINE_HIDPI_IMAGES = YES;
				INFOPLIST_FILE = Rangeen/Info.plist;
				LD_RUNPATH_SEARCH_PATHS = "$(inherited) @executable_path/../Frameworks";
				PRODUCT_BUNDLE_IDENTIFIER = Rani.Rangeen;
				PRODUCT_NAME = "$(TARGET_NAME)";
				SWIFT_VERSION = 3.0;
			};
			name = Debug;
		};
		19B36B8F2058D03C00AC95C8 /* Release */ = {
			isa = XCBuildConfiguration;
			buildSettings = {
				ASSETCATALOG_COMPILER_APPICON_NAME = AppIcon;
				COMBINE_HIDPI_IMAGES = YES;
				INFOPLIST_FILE = Rangeen/Info.plist;
				LD_RUNPATH_SEARCH_PATHS = "$(inherited) @executable_path/../Frameworks";
				PRODUCT_BUNDLE_IDENTIFIER = Rani.Rangeen;
				PRODUCT_NAME = "$(TARGET_NAME)";
				SWIFT_VERSION = 3.0;
			};
			name = Release;
		};
		19B36B912058D03C00AC95C8 /* Debug */ = {
			isa = XCBuildConfiguration;
			buildSettings = {
				ALWAYS_EMBED_SWIFT_STANDARD_LIBRARIES = YES;
				BUNDLE_LOADER = "$(TEST_HOST)";
				COMBINE_HIDPI_IMAGES = YES;
				INFOPLIST_FILE = RangeenTests/Info.plist;
				LD_RUNPATH_SEARCH_PATHS = "$(inherited) @executable_path/../Frameworks @loader_path/../Frameworks";
				PRODUCT_BUNDLE_IDENTIFIER = Rani.RangeenTests;
				PRODUCT_NAME = "$(TARGET_NAME)";
				SWIFT_VERSION = 3.0;
				TEST_HOST = "$(BUILT_PRODUCTS_DIR)/Rangeen.app/Contents/MacOS/Rangeen";
			};
			name = Debug;
		};
		19B36B922058D03C00AC95C8 /* Release */ = {
			isa = XCBuildConfiguration;
			buildSettings = {
				ALWAYS_EMBED_SWIFT_STANDARD_LIBRARIES = YES;
				BUNDLE_LOADER = "$(TEST_HOST)";
				COMBINE_HIDPI_IMAGES = YES;
				INFOPLIST_FILE = RangeenTests/Info.plist;
				LD_RUNPATH_SEARCH_PATHS = "$(inherited) @executable_path/../Frameworks @loader_path/../Frameworks";
				PRODUCT_BUNDLE_IDENTIFIER = Rani.RangeenTests;
				PRODUCT_NAME = "$(TARGET_NAME)";
				SWIFT_VERSION = 3.0;
				TEST_HOST = "$(BUILT_PRODUCTS_DIR)/Rangeen.app/Contents/MacOS/Rangeen";
			};
			name = Release;
		};
		19B36B942058D03C00AC95C8 /* Debug */ = {
			isa = XCBuildConfiguration;
			buildSettings = {
				ALWAYS_EMBED_SWIFT_STANDARD_LIBRARIES = YES;
				COMBINE_HIDPI_IMAGES = YES;
				INFOPLIST_FILE = RangeenUITests/Info.plist;
				LD_RUNPATH_SEARCH_PATHS = "$(inherited) @executable_path/../Frameworks @loader_path/../Frameworks";
				PRODUCT_BUNDLE_IDENTIFIER = Rani.RangeenUITests;
				PRODUCT_NAME = "$(TARGET_NAME)";
				SWIFT_VERSION = 3.0;
				TEST_TARGET_NAME = Rangeen;
			};
			name = Debug;
		};
		19B36B952058D03C00AC95C8 /* Release */ = {
			isa = XCBuildConfiguration;
			buildSettings = {
				ALWAYS_EMBED_SWIFT_STANDARD_LIBRARIES = YES;
				COMBINE_HIDPI_IMAGES = YES;
				INFOPLIST_FILE = RangeenUITests/Info.plist;
				LD_RUNPATH_SEARCH_PATHS = "$(inherited) @executable_path/../Frameworks @loader_path/../Frameworks";
				PRODUCT_BUNDLE_IDENTIFIER = Rani.RangeenUITests;
				PRODUCT_NAME = "$(TARGET_NAME)";
				SWIFT_VERSION = 3.0;
				TEST_TARGET_NAME = Rangeen;
			};
			name = Release;
		};
/* End XCBuildConfiguration section */

/* Begin XCConfigurationList section */
		19B36B632058D03B00AC95C8 /* Build configuration list for PBXProject "Rangeen" */ = {
			isa = XCConfigurationList;
			buildConfigurations = (
				19B36B8B2058D03C00AC95C8 /* Debug */,
				19B36B8C2058D03C00AC95C8 /* Release */,
			);
			defaultConfigurationIsVisible = 0;
			defaultConfigurationName = Release;
		};
		19B36B8D2058D03C00AC95C8 /* Build configuration list for PBXNativeTarget "Rangeen" */ = {
			isa = XCConfigurationList;
			buildConfigurations = (
				19B36B8E2058D03C00AC95C8 /* Debug */,
				19B36B8F2058D03C00AC95C8 /* Release */,
			);
			defaultConfigurationIsVisible = 0;
			defaultConfigurationName = Release;
		};
		19B36B902058D03C00AC95C8 /* Build configuration list for PBXNativeTarget "RangeenTests" */ = {
			isa = XCConfigurationList;
			buildConfigurations = (
				19B36B912058D03C00AC95C8 /* Debug */,
				19B36B922058D03C00AC95C8 /* Release */,
			);
			defaultConfigurationIsVisible = 0;
			defaultConfigurationName = Release;
		};
		19B36B932058D03C00AC95C8 /* Build configuration list for PBXNativeTarget "RangeenUITests" */ = {
			isa = XCConfigurationList;
			buildConfigurations = (
				19B36B942058D03C00AC95C8 /* Debug */,
				19B36B952058D03C00AC95C8 /* Release */,
			);
			defaultConfigurationIsVisible = 0;
			defaultConfigurationName = Release;
		};
/* End XCConfigurationList section */
	};
	rootObject = 19B36B602058D03B00AC95C8 /* Project object */;
}
